{
    "_readme": [
        "This file locks the dependencies of your project to a known state",
        "Read more about it at https://getcomposer.org/doc/01-basic-usage.md#installing-dependencies",
        "This file is @generated automatically"
    ],
    "content-hash": "5f1a8e754fb094de6ec9af4970e4950a",
    "packages": [],
    "packages-dev": [
        {
            "name": "php-cs-fixer/shim",
            "version": "v3.95.27",
            "source": {
                "type": "git",
                "url": "https://github.com/PHP-CS-Fixer/shim.git",
                "reference": "cba177ed1173161a9e46d46c7bf3cf614ce66277"
            },
            "dist": {
                "type": "zip",
                "url": "https://api.github.com/repos/PHP-CS-Fixer/shim/zipball/cba177ed1173161a9e46d46c7bf3cf614ce66277",
                "reference": "cba177ed1173161a9e46d46c7bf3cf614ce66277",
                "shasum": ""
            },
            "require": {
                "ext-json": "*",
                "ext-tokenizer": "*",
                "php": "^7.4 || ^8.0"
            },
            "replace": {
                "friendsofphp/php-cs-fixer": "self.version"
            },
            "suggest": {
                "ext-dom": "For handling output formats in XML",
                "ext-mbstring": "For handling non-UTF8 characters."
            },
            "bin": [
                "php-cs-fixer",
                "php-cs-fixer.phar"
            ],
            "type": "application",
            "notification-url": "https://packagist.org/downloads/",
            "license": [
                "MIT"
            ],
            "authors": [
                {
                    "name": "Fabien Potencier",
                    "email": "fabien@symfony.com"
                },
                {
                    "name": "Dariusz Rumiński",
                    "email": "dariusz.ruminski@gmail.com"
                }
            ],
            "description": "A tool to automatically fix PHP code style",
            "support": {
                "issues": "https://github.com/PHP-CS-Fixer/shim/issues",
                "source": "https://github.com/PHP-CS-Fixer/shim/tree/v3.95.27"
            },
            "funding": [
                {
                    "url": "https://github.com/keradus",
                    "type": "github"
                }
            ],
            "time": "2026-09-22T09:55:22+00:00"
        },
        {
            "name": "php-parallel-lint/php-parallel-lint",
            "version": "v1.4.0",
            "source": {
                "type": "git",
                "url": "https://github.com/php-parallel-lint/PHP-Parallel-Lint.git",
                "reference": "6db563514f27e19595a19f45a4bf757b6401194e"
            },
            "dist": {
                "type": "zip",
                "url": "https://api.github.com/repos/php-parallel-lint/PHP-Parallel-Lint/zipball/6db563514f27e19595a19f45a4bf757b6401194e",
                "reference": "6db563514f27e19595a19f45a4bf757b6401194e",
                "shasum": ""
            },
            "require": {
                "ext-json": "*",
                "php": ">=5.3.0"
            },
            "replace": {
                "grogy/php-parallel-lint": "*",
                "jakub-onderka/php-parallel-lint": "*"
            },
            "require-dev": {
                "nette/tester": "^1.3 || ^2.0",
                "php-parallel-lint/php-console-highlighter": "0.* || ^1.0",
                "squizlabs/php_codesniffer": "^3.6"
            },
            "suggest": {
                "php-parallel-lint/php-console-highlighter": "Highlight syntax in code snippet"
            },
            "bin": [
                "parallel-lint"
            ],
            "type": "library",
            "autoload": {
                "classmap": [
                    "./src/"
                ]
            },
            "notification-url": "https://packagist.org/downloads/",
            "license": [
                "BSD-2-Clause"
            ],
            "authors": [
                {
                    "name": "Jakub Onderka",
                    "email": "ahoj@jakubonderka.cz"
                }
            ],
            "description": "This tool checks the syntax of PHP files about 20x faster than serial check.",
            "homepage": "https://github.com/php-parallel-lint/PHP-Parallel-Lint",
            "keywords": [
                "lint",
                "static analysis"
            ],
            "support": {
                "issues": "https://github.com/php-parallel-lint/PHP-Parallel-Lint/issues",
                "source": "https://github.com/php-parallel-lint/PHP-Parallel-Lint/tree/v1.4.0"
            },
            "time": "2024-03-27T12:14:49+00:00"
        },
        {
            "name": "psalm/phar",
            "version": "6.18.0",
            "source": {
                "type": "git",
                "url": "https://github.com/psalm/phar.git",
                "reference": "170f6af92df7b9813a262346a6fedd16304c8fbb"
            },
            "dist": {
                "type": "zip",
                "url": "https://api.github.com/repos/psalm/phar/zipball/170f6af92df7b9813a262346a6fedd16304c8fbb",
                "reference": "170f6af92df7b9813a262346a6fedd16304c8fbb",
                "shasum": ""
            },
            "require": {
                "php": "^8.2"
            },
            "conflict": {
                "vimeo/psalm": "*"
            },
            "bin": [
                "psalm.phar"
            ],
            "type": "library",
            "notification-url": "https://packagist.org/downloads/",
            "license": [
                "MIT"
            ],
            "description": "Composer-based Psalm Phar",
            "support": {
                "issues": "https://github.com/psalm/phar/issues",
                "source": "https://github.com/psalm/phar/tree/6.18.0"
            },
            "time": "2026-09-21T11:07:40+00:00"
        }
    ],
    "aliases": [],
    "minimum-stability": "stable",
    "stability-flags": {},
    "prefer-stable": false,
    "prefer-lowest": false,
    "platform": {
        "php": ">=8.3"
    },
    "platform-dev": {},
    "plugin-api-version": "2.6.0"
}
