{
    "_readme": [
        "This file locks the dependencies of your project to a known state",
        "Read more about it at https://getcomposer.org/doc/01-basic-usage.md#installing-dependencies",
        "This file is @generated automatically"
    ],
    "content-hash": "71c44b0a65d45060a75691689ee0a855",
    "packages": [],
    "packages-dev": [
        {
            "name": "php-cs-fixer/shim",
            "version": "v3.95.25",
            "source": {
                "type": "git",
                "url": "https://github.com/PHP-CS-Fixer/shim.git",
                "reference": "7bc6ed86d41533dbfa5604fb4dd4d6a656b87254"
            },
            "dist": {
                "type": "zip",
                "url": "https://api.github.com/repos/PHP-CS-Fixer/shim/zipball/7bc6ed86d41533dbfa5604fb4dd4d6a656b87254",
                "reference": "7bc6ed86d41533dbfa5604fb4dd4d6a656b87254",
                "shasum": ""
            },
            "require": {
                "ext-json": "*",
                "ext-tokenizer": "*",
                "php": "^7.4 || ^8.0"
            },
            "replace": {
                "friendsofphp/php-cs-fixer": "self.version"
            },
            "suggest": {
                "ext-dom": "For handling output formats in XML",
                "ext-mbstring": "For handling non-UTF8 characters."
            },
            "bin": [
                "php-cs-fixer",
                "php-cs-fixer.phar"
            ],
            "type": "application",
            "notification-url": "https://packagist.org/downloads/",
            "license": [
                "MIT"
            ],
            "authors": [
                {
                    "name": "Fabien Potencier",
                    "email": "fabien@symfony.com"
                },
                {
                    "name": "Dariusz Rumiński",
                    "email": "dariusz.ruminski@gmail.com"
                }
            ],
            "description": "A tool to automatically fix PHP code style",
            "support": {
                "issues": "https://github.com/PHP-CS-Fixer/shim/issues",
                "source": "https://github.com/PHP-CS-Fixer/shim/tree/v3.95.25"
            },
            "funding": [
                {
                    "url": "https://github.com/keradus",
                    "type": "github"
                }
            ],
            "time": "2026-09-08T11:12:09+00:00"
        },
        {
            "name": "psalm/phar",
            "version": "6.17.1",
            "source": {
                "type": "git",
                "url": "https://github.com/psalm/phar.git",
                "reference": "fa2a6ff9c8831dcb783b87e163e81c0b5605b5ab"
            },
            "dist": {
                "type": "zip",
                "url": "https://api.github.com/repos/psalm/phar/zipball/fa2a6ff9c8831dcb783b87e163e81c0b5605b5ab",
                "reference": "fa2a6ff9c8831dcb783b87e163e81c0b5605b5ab",
                "shasum": ""
            },
            "require": {
                "php": "^8.2"
            },
            "conflict": {
                "vimeo/psalm": "*"
            },
            "bin": [
                "psalm.phar"
            ],
            "type": "library",
            "notification-url": "https://packagist.org/downloads/",
            "license": [
                "MIT"
            ],
            "description": "Composer-based Psalm Phar",
            "support": {
                "issues": "https://github.com/psalm/phar/issues",
                "source": "https://github.com/psalm/phar/tree/6.17.1"
            },
            "time": "2026-09-12T13:55:13+00:00"
        }
    ],
    "aliases": [],
    "minimum-stability": "stable",
    "stability-flags": {},
    "prefer-stable": false,
    "prefer-lowest": false,
    "platform": {},
    "platform-dev": {},
    "plugin-api-version": "2.6.0"
}
